
Microsoft Visual Studio Solution File, Format Version 12.00
# Visual Studio Version 16
VisualStudioVersion = 16.0.31424.327
MinimumVisualStudioVersion = 10.0.40219.1
Project("{FAE04EC0-301F-11D3-BF4B-00C04F79EFBC}") = "Airdrop", "Airdrop\Airdrop.csproj", "{22DF39F0-8B62-4B73-BFE0-1F6518D3EC7C}"
EndProject
Global
	GlobalSection(SolutionConfigurationPlatforms) = preSolution
		Debug|Any CPU = Debug|Any CPU
		Release|Any CPU = Release|Any CPU
	EndGlobalSection
	GlobalSection(ProjectConfigurationPlatforms) = postSolution
		{22DF39F0-8B62-4B73-BFE0-1F6518D3EC7C}.Debug|Any CPU.ActiveCfg = Debug|Any CPU
		{22DF39F0-8B62-4B73-BFE0-1F6518D3EC7C}.Debug|Any CPU.Build.0 = Debug|Any CPU
		{22DF39F0-8B62-4B73-BFE0-1F6518D3EC7C}.Release|Any CPU.ActiveCfg = Release|Any CPU
		{22DF39F0-8B62-4B73-BFE0-1F6518D3EC7C}.Release|Any CPU.Build.0 = Release|Any CPU
	EndGlobalSection
	GlobalSection(SolutionProperties) = preSolution
		HideSolutionNode = FALSE
	EndGlobalSection
	GlobalSection(ExtensibilityGlobals) = postSolution
		SolutionGuid = {BB8D4FA3-6D1C-4BD8-B039-EAFE26971028}
	EndGlobalSection
EndGlobal
